
Microsoft Visual Studio Solution File, Format Version 12.00
# Visual Studio Version 16
VisualStudioVersion = 16.0.30225.117
MinimumVisualStudioVersion = 10.0.40219.1
Project("{FAE04EC0-301F-11D3-BF4B-00C04F79EFBC}") = "ConsoleUI", "ConsoleUI\ConsoleUI.csproj", "{DC229272-2E47-4959-A3A2-31C2CBE194C6}"
EndProject
Global
	GlobalSection(SolutionConfigurationPlatforms) = preSolution
		Debug|Any CPU = Debug|Any CPU
		Release|Any CPU = Release|Any CPU
	EndGlobalSection
	GlobalSection(ProjectConfigurationPlatforms) = postSolution
		{DC229272-2E47-4959-A3A2-31C2CBE194C6}.Debug|Any CPU.ActiveCfg = Debug|Any CPU
		{DC229272-2E47-4959-A3A2-31C2CBE194C6}.Debug|Any CPU.Build.0 = Debug|Any CPU
		{DC229272-2E47-4959-A3A2-31C2CBE194C6}.Release|Any CPU.ActiveCfg = Release|Any CPU
		{DC229272-2E47-4959-A3A2-31C2CBE194C6}.Release|Any CPU.Build.0 = Release|Any CPU
	EndGlobalSection
	GlobalSection(SolutionProperties) = preSolution
		HideSolutionNode = FALSE
	EndGlobalSection
	GlobalSection(ExtensibilityGlobals) = postSolution
		SolutionGuid = {4AE67E7A-210E-4F40-8B87-0EB0C56BC516}
	EndGlobalSection
EndGlobal
